{
  "version": "5",
  "specifiers": {
    "jsr:@std/encoding@^1.0.10": "1.0.10"
  },
  "jsr": {
    "@std/encoding@1.0.10": {
      "integrity": "8783c6384a2d13abd5e9e87a7ae0520a30e9f56aeeaa3bdf910a3eaaf5c811a1"
    }
  },
  "remote": {
    "https://deno.land/std@0.158.0/_util/assert.ts": "e94f2eb37cebd7f199952e242c77654e43333c1ac4c5c700e929ea3aa5489f74",
    "https://deno.land/std@0.158.0/bytes/bytes_list.ts": "aba5e2369e77d426b10af1de0dcc4531acecec27f9b9056f4f7bfbf8ac147ab4",
    "https://deno.land/std@0.158.0/bytes/equals.ts": "3c3558c3ae85526f84510aa2b48ab2ad7bdd899e2e0f5b7a8ffc85acb3a6043a",
    "https://deno.land/std@0.158.0/bytes/mod.ts": "763f97d33051cc3f28af1a688dfe2830841192a9fea0cbaa55f927b49d49d0bf",
    "https://deno.land/std@0.158.0/fmt/colors.ts": "ff7dc9c9f33a72bd48bc24b21bbc1b4545d8494a431f17894dbc5fe92a938fc4",
    "https://deno.land/std@0.158.0/io/buffer.ts": "fae02290f52301c4e0188670e730cd902f9307fb732d79c4aa14ebdc82497289",
    "https://deno.land/std@0.158.0/io/files.ts": "d199ef64e918a256320ba8d8d44ae91de87c9077df8f8d6cca013f1b9fbbe285",
    "https://deno.land/std@0.158.0/io/mod.ts": "33507cf2460ab67d0d90fb5749fa6fecb33897642b49d54a6bb1ac81e4768f69",
    "https://deno.land/std@0.158.0/io/readers.ts": "45847ad404afd2f605eae1cff193f223462bc55eeb9ae313c2f3db28aada0fd6",
    "https://deno.land/std@0.158.0/io/streams.ts": "8a11aabe7ecfce50dddfa840705d393a9a5bc5230b49556feee23a9492b5601a",
    "https://deno.land/std@0.158.0/io/util.ts": "b5746d0f549d6ca25f57277df48d77a2a49a823ca73c909848aff04421cc2a6e",
    "https://deno.land/std@0.158.0/io/writers.ts": "2e1c63ffd0cfba411b1fd8374609abff9ea86187c9d4d885d42e6fc20325ef0e",
    "https://deno.land/std@0.158.0/streams/conversion.ts": "fc4eb76a14148c43f0b85e903a5a1526391aa40ed9434dc21e34f88304eb823e",
    "https://deno.land/std@0.158.0/testing/_diff.ts": "a23e7fc2b4d8daa3e158fa06856bedf5334ce2a2831e8bf9e509717f455adb2c",
    "https://deno.land/std@0.158.0/testing/_format.ts": "cd11136e1797791045e639e9f0f4640d5b4166148796cad37e6ef75f7d7f3832",
    "https://deno.land/std@0.158.0/testing/asserts.ts": "8696c488bc98d8d175e74dc652a0ffbc7fca93858da01edc57ed33c1148345da",
    "https://deno.land/std@0.158.0/textproto/mod.ts": "84c243523e3f5ca1ee3a5e0be1ef2842e8418614d0aedc802ff16bc1dc40d236"
  },
  "workspace": {
    "dependencies": [
      "jsr:@std/encoding@^1.0.10"
    ]
  }
}
